
Microsoft Visual Studio Solution File, Format Version 12.00
# Visual Studio Version 17
VisualStudioVersion = 17.9.34902.65
MinimumVisualStudioVersion = 10.0.40219.1
Project("{8BC9CEB8-8B4A-11D0-8D11-00A0C91BC942}") = "02", "02.vcxproj", "{59428005-29BE-4A0F-B1DA-A89CF7A945FE}"
EndProject
Global
	GlobalSection(SolutionConfigurationPlatforms) = preSolution
		Debug|x64 = Debug|x64
		Debug|x86 = Debug|x86
		Release|x64 = Release|x64
		Release|x86 = Release|x86
	EndGlobalSection
	GlobalSection(ProjectConfigurationPlatforms) = postSolution
		{59428005-29BE-4A0F-B1DA-A89CF7A945FE}.Debug|x64.ActiveCfg = Debug|x64
		{59428005-29BE-4A0F-B1DA-A89CF7A945FE}.Debug|x64.Build.0 = Debug|x64
		{59428005-29BE-4A0F-B1DA-A89CF7A945FE}.Debug|x86.ActiveCfg = Debug|Win32
		{59428005-29BE-4A0F-B1DA-A89CF7A945FE}.Debug|x86.Build.0 = Debug|Win32
		{59428005-29BE-4A0F-B1DA-A89CF7A945FE}.Release|x64.ActiveCfg = Release|x64
		{59428005-29BE-4A0F-B1DA-A89CF7A945FE}.Release|x64.Build.0 = Release|x64
		{59428005-29BE-4A0F-B1DA-A89CF7A945FE}.Release|x86.ActiveCfg = Release|Win32
		{59428005-29BE-4A0F-B1DA-A89CF7A945FE}.Release|x86.Build.0 = Release|Win32
	EndGlobalSection
	GlobalSection(SolutionProperties) = preSolution
		HideSolutionNode = FALSE
	EndGlobalSection
	GlobalSection(ExtensibilityGlobals) = postSolution
		SolutionGuid = {0F1BCF16-29A7-4E63-B60E-D13FB14AE45B}
	EndGlobalSection
EndGlobal
